
Microsoft Visual Studio Solution File, Format Version 12.00
# Visual Studio Version 16
VisualStudioVersion = 16.0.31410.357
MinimumVisualStudioVersion = 10.0.40219.1
Project("{9A19103F-16F7-4668-BE54-9A1E7A4F7556}") = "FoodOrdering.API", "FoodOrdering.API.csproj", "{057E01FE-32A2-4D6C-89AA-036146A95852}"
EndProject
Project("{9A19103F-16F7-4668-BE54-9A1E7A4F7556}") = "FoodOrdering.BLL", "..\C#_Basic_Module\HW3_Food_Ordering_Services\FoodOrdering.BLL.csproj", "{55307C89-5A2D-4BE6-8B71-B3E2973381FA}"
EndProject
Project("{9A19103F-16F7-4668-BE54-9A1E7A4F7556}") = "FoodOrdering.DAL", "..\Entity_Framework_Module\HW4_Migrations\FoodOrdering.DAL.csproj", "{3B93CDB5-B79E-4DEF-8962-D7496322DD84}"
EndProject
Global
	GlobalSection(SolutionConfigurationPlatforms) = preSolution
		Debug|Any CPU = Debug|Any CPU
		Release|Any CPU = Release|Any CPU
	EndGlobalSection
	GlobalSection(ProjectConfigurationPlatforms) = postSolution
		{057E01FE-32A2-4D6C-89AA-036146A95852}.Debug|Any CPU.ActiveCfg = Debug|Any CPU
		{057E01FE-32A2-4D6C-89AA-036146A95852}.Debug|Any CPU.Build.0 = Debug|Any CPU
		{057E01FE-32A2-4D6C-89AA-036146A95852}.Release|Any CPU.ActiveCfg = Release|Any CPU
		{057E01FE-32A2-4D6C-89AA-036146A95852}.Release|Any CPU.Build.0 = Release|Any CPU
		{55307C89-5A2D-4BE6-8B71-B3E2973381FA}.Debug|Any CPU.ActiveCfg = Debug|Any CPU
		{55307C89-5A2D-4BE6-8B71-B3E2973381FA}.Debug|Any CPU.Build.0 = Debug|Any CPU
		{55307C89-5A2D-4BE6-8B71-B3E2973381FA}.Release|Any CPU.ActiveCfg = Release|Any CPU
		{55307C89-5A2D-4BE6-8B71-B3E2973381FA}.Release|Any CPU.Build.0 = Release|Any CPU
		{3B93CDB5-B79E-4DEF-8962-D7496322DD84}.Debug|Any CPU.ActiveCfg = Debug|Any CPU
		{3B93CDB5-B79E-4DEF-8962-D7496322DD84}.Debug|Any CPU.Build.0 = Debug|Any CPU
		{3B93CDB5-B79E-4DEF-8962-D7496322DD84}.Release|Any CPU.ActiveCfg = Release|Any CPU
		{3B93CDB5-B79E-4DEF-8962-D7496322DD84}.Release|Any CPU.Build.0 = Release|Any CPU
	EndGlobalSection
	GlobalSection(SolutionProperties) = preSolution
		HideSolutionNode = FALSE
	EndGlobalSection
	GlobalSection(ExtensibilityGlobals) = postSolution
		SolutionGuid = {6347FF2A-A038-4143-9295-1F731CB0CAD3}
	EndGlobalSection
EndGlobal
